
Microsoft Visual Studio Solution File, Format Version 12.00
# Visual Studio Version 17
VisualStudioVersion = 17.10.35004.147
MinimumVisualStudioVersion = 10.0.40219.1
Project("{FAE04EC0-301F-11D3-BF4B-00C04F79EFBC}") = "EcommerceMVC", "EcommerceMVC\EcommerceMVC.csproj", "{3CD675B8-2474-49FA-B4FA-985750D8960C}"
EndProject
Global
	GlobalSection(SolutionConfigurationPlatforms) = preSolution
		Debug|Any CPU = Debug|Any CPU
		Release|Any CPU = Release|Any CPU
	EndGlobalSection
	GlobalSection(ProjectConfigurationPlatforms) = postSolution
		{3CD675B8-2474-49FA-B4FA-985750D8960C}.Debug|Any CPU.ActiveCfg = Debug|Any CPU
		{3CD675B8-2474-49FA-B4FA-985750D8960C}.Debug|Any CPU.Build.0 = Debug|Any CPU
		{3CD675B8-2474-49FA-B4FA-985750D8960C}.Release|Any CPU.ActiveCfg = Release|Any CPU
		{3CD675B8-2474-49FA-B4FA-985750D8960C}.Release|Any CPU.Build.0 = Release|Any CPU
	EndGlobalSection
	GlobalSection(SolutionProperties) = preSolution
		HideSolutionNode = FALSE
	EndGlobalSection
	GlobalSection(ExtensibilityGlobals) = postSolution
		SolutionGuid = {72A32220-67CA-4ED9-AD6C-43E913DC2DDF}
	EndGlobalSection
EndGlobal
